
Microsoft Visual Studio Solution File, Format Version 12.00
# Visual Studio Version 17
VisualStudioVersion = 17.3.32825.248
MinimumVisualStudioVersion = 10.0.40219.1
Project("{FAE04EC0-301F-11D3-BF4B-00C04F79EFBC}") = "PW1n", "PW1n.csproj", "{1F731758-F40C-4291-9350-08FA57819334}"
EndProject
Global
	GlobalSection(SolutionConfigurationPlatforms) = preSolution
		Debug|Any CPU = Debug|Any CPU
		Release|Any CPU = Release|Any CPU
	EndGlobalSection
	GlobalSection(ProjectConfigurationPlatforms) = postSolution
		{1F731758-F40C-4291-9350-08FA57819334}.Debug|Any CPU.ActiveCfg = Debug|Any CPU
		{1F731758-F40C-4291-9350-08FA57819334}.Debug|Any CPU.Build.0 = Debug|Any CPU
		{1F731758-F40C-4291-9350-08FA57819334}.Release|Any CPU.ActiveCfg = Release|Any CPU
		{1F731758-F40C-4291-9350-08FA57819334}.Release|Any CPU.Build.0 = Release|Any CPU
	EndGlobalSection
	GlobalSection(SolutionProperties) = preSolution
		HideSolutionNode = FALSE
	EndGlobalSection
	GlobalSection(ExtensibilityGlobals) = postSolution
		SolutionGuid = {6092EA76-589C-4D19-AC37-7F1384564F5A}
	EndGlobalSection
EndGlobal
